
Microsoft Visual Studio Solution File, Format Version 12.00
# Visual Studio 15
VisualStudioVersion = 15.0.28307.271
MinimumVisualStudioVersion = 10.0.40219.1
Project("{159641D6-6404-4A2A-AE62-294DE0FE8301}") = "48timmar", "48timmar\48timmar.dtproj", "{6D6CDEC6-ACC1-4AF5-9DA0-F172C3FD8DCC}"
EndProject
Global
	GlobalSection(SolutionConfigurationPlatforms) = preSolution
		Development|Default = Development|Default
	EndGlobalSection
	GlobalSection(ProjectConfigurationPlatforms) = postSolution
		{6D6CDEC6-ACC1-4AF5-9DA0-F172C3FD8DCC}.Development|Default.ActiveCfg = Development
		{6D6CDEC6-ACC1-4AF5-9DA0-F172C3FD8DCC}.Development|Default.Build.0 = Development
	EndGlobalSection
	GlobalSection(SolutionProperties) = preSolution
		HideSolutionNode = FALSE
	EndGlobalSection
	GlobalSection(ExtensibilityGlobals) = postSolution
		SolutionGuid = {3D4322F0-68F5-4780-AF89-8CA41E9A66DE}
	EndGlobalSection
EndGlobal
